// !$*UTF8*$!
{
	archiveVersion = 1;
	classes = {
	};
	objectVersion = 56;
	objects = {

/* Begin PBXBuildFile section */
		7D60442D2B87B61200117370 /* Pipedrive_HomeworkApp.swift in Sources */ = {isa = PBXBuildFile; fileRef = 7D60442C2B87B61200117370 /* Pipedrive_HomeworkApp.swift */; };
		7D60442F2B87B61200117370 /* ContentView.swift in Sources */ = {isa = PBXBuildFile; fileRef = 7D60442E2B87B61200117370 /* ContentView.swift */; };
		7D6044312B87B61300117370 /* Assets.xcassets in Resources */ = {isa = PBXBuildFile; fileRef = 7D6044302B87B61300117370 /* Assets.xcassets */; };
		7D6044342B87B61300117370 /* Preview Assets.xcassets in Resources */ = {isa = PBXBuildFile; fileRef = 7D6044332B87B61300117370 /* Preview Assets.xcassets */; };
		7D6044432B87B61300117370 /* Pipedrive_HomeworkTests.swift in Sources */ = {isa = PBXBuildFile; fileRef = 7D6044422B87B61300117370 /* Pipedrive_HomeworkTests.swift */; };
		7D60444D2B87B61300117370 /* Pipedrive_HomeworkUITests.swift in Sources */ = {isa = PBXBuildFile; fileRef = 7D60444C2B87B61300117370 /* Pipedrive_HomeworkUITests.swift */; };
		7D60444F2B87B61300117370 /* Pipedrive_HomeworkUITestsLaunchTests.swift in Sources */ = {isa = PBXBuildFile; fileRef = 7D60444E2B87B61300117370 /* Pipedrive_HomeworkUITestsLaunchTests.swift */; };
		7D60445D2B87B6F500117370 /* Person.swift in Sources */ = {isa = PBXBuildFile; fileRef = 7D60445C2B87B6F500117370 /* Person.swift */; };
		7D6044642B87B94300117370 /* PersonViewModel.swift in Sources */ = {isa = PBXBuildFile; fileRef = 7D6044632B87B94300117370 /* PersonViewModel.swift */; };
		7D6044662B87B9F700117370 /* APIClient.swift in Sources */ = {isa = PBXBuildFile; fileRef = 7D6044652B87B9F700117370 /* APIClient.swift */; };
		7D6044682B87BA2100117370 /* APIRouter.swift in Sources */ = {isa = PBXBuildFile; fileRef = 7D6044672B87BA2100117370 /* APIRouter.swift */; };
		7D60446B2B87BA9900117370 /* Alamofire in Frameworks */ = {isa = PBXBuildFile; productRef = 7D60446A2B87BA9900117370 /* Alamofire */; };
		7D60446D2B87BBE300117370 /* APIConfig.swift in Sources */ = {isa = PBXBuildFile; fileRef = 7D60446C2B87BBE300117370 /* APIConfig.swift */; };
		7D6044702B87BED600117370 /* PersonService.swift in Sources */ = {isa = PBXBuildFile; fileRef = 7D60446F2B87BED600117370 /* PersonService.swift */; };
		7D60447C2B87E5F500117370 /* ResponseModel.swift in Sources */ = {isa = PBXBuildFile; fileRef = 7D60447B2B87E5F500117370 /* ResponseModel.swift */; };
		7D60448A2B88A69400117370 /* JSONDecoder.swift in Sources */ = {isa = PBXBuildFile; fileRef = 7D6044892B88A69400117370 /* JSONDecoder.swift */; };
		7D6044962B88B11A00117370 /* CoreDataModel.xcdatamodeld in Sources */ = {isa = PBXBuildFile; fileRef = 7D6044942B88B11A00117370 /* CoreDataModel.xcdatamodeld */; };
		7D6044A52B88D77600117370 /* CoreDataManager.swift in Sources */ = {isa = PBXBuildFile; fileRef = 7D6044A42B88D77600117370 /* CoreDataManager.swift */; };
		7D6044A72B88DFEC00117370 /* Connectivity.swift in Sources */ = {isa = PBXBuildFile; fileRef = 7D6044A62B88DFEC00117370 /* Connectivity.swift */; };
		7D6044A92B88F10B00117370 /* PersonView.swift in Sources */ = {isa = PBXBuildFile; fileRef = 7D6044A82B88F10B00117370 /* PersonView.swift */; };
		7D6044AB2B88F18A00117370 /* PersonDetailView.swift in Sources */ = {isa = PBXBuildFile; fileRef = 7D6044AA2B88F18A00117370 /* PersonDetailView.swift */; };
		7D6044AE2B8B626B00117370 /* Kingfisher in Frameworks */ = {isa = PBXBuildFile; productRef = 7D6044AD2B8B626B00117370 /* Kingfisher */; };
		7D6044B12B8B732C00117370 /* PersonDetailField.swift in Sources */ = {isa = PBXBuildFile; fileRef = 7D6044B02B8B732C00117370 /* PersonDetailField.swift */; };
		7D6044B32B8B79A500117370 /* PersonContact.swift in Sources */ = {isa = PBXBuildFile; fileRef = 7D6044B22B8B79A500117370 /* PersonContact.swift */; };
		7D6044B52B8B7E2500117370 /* PersonListView.swift in Sources */ = {isa = PBXBuildFile; fileRef = 7D6044B42B8B7E2500117370 /* PersonListView.swift */; };
		7DF195F52B8B8B7100444A50 /* PersonContactMO+CoreDataClass.swift in Sources */ = {isa = PBXBuildFile; fileRef = 7DF195F12B8B8B7100444A50 /* PersonContactMO+CoreDataClass.swift */; };
		7DF195F62B8B8B7100444A50 /* PersonContactMO+CoreDataProperties.swift in Sources */ = {isa = PBXBuildFile; fileRef = 7DF195F22B8B8B7100444A50 /* PersonContactMO+CoreDataProperties.swift */; };
		7DF195F72B8B8B7100444A50 /* PersonMO+CoreDataClass.swift in Sources */ = {isa = PBXBuildFile; fileRef = 7DF195F32B8B8B7100444A50 /* PersonMO+CoreDataClass.swift */; };
		7DF195F82B8B8B7100444A50 /* PersonMO+CoreDataProperties.swift in Sources */ = {isa = PBXBuildFile; fileRef = 7DF195F42B8B8B7100444A50 /* PersonMO+CoreDataProperties.swift */; };
		7DF195FA2B8B9DAC00444A50 /* NSSet.swift in Sources */ = {isa = PBXBuildFile; fileRef = 7DF195F92B8B9DAC00444A50 /* NSSet.swift */; };
		7DF195FC2B8BA91300444A50 /* MockPersonService.swift in Sources */ = {isa = PBXBuildFile; fileRef = 7DF195FB2B8BA91300444A50 /* MockPersonService.swift */; };
		7DFF48AD2B8C899D000DCC9F /* Localizable.xcstrings in Resources */ = {isa = PBXBuildFile; fileRef = 7DFF48AC2B8C899C000DCC9F /* Localizable.xcstrings */; };
		7DFF48AF2B8C8C22000DCC9F /* AdditionalData.swift in Sources */ = {isa = PBXBuildFile; fileRef = 7DFF48AE2B8C8C22000DCC9F /* AdditionalData.swift */; };
		7DFF48B12B8C8C3D000DCC9F /* Pagination.swift in Sources */ = {isa = PBXBuildFile; fileRef = 7DFF48B02B8C8C3D000DCC9F /* Pagination.swift */; };
/* End PBXBuildFile section */

/* Begin PBXContainerItemProxy section */
		7D60443F2B87B61300117370 /* PBXContainerItemProxy */ = {
			isa = PBXContainerItemProxy;
			containerPortal = 7D6044212B87B61200117370 /* Project object */;
			proxyType = 1;
			remoteGlobalIDString = 7D6044282B87B61200117370;
			remoteInfo = "Pipedrive Homework";
		};
		7D6044492B87B61300117370 /* PBXContainerItemProxy */ = {
			isa = PBXContainerItemProxy;
			containerPortal = 7D6044212B87B61200117370 /* Project object */;
			proxyType = 1;
			remoteGlobalIDString = 7D6044282B87B61200117370;
			remoteInfo = "Pipedrive Homework";
		};
/* End PBXContainerItemProxy section */

/* Begin PBXFileReference section */
		7D6044292B87B61200117370 /* Pipedrive Homework.app */ = {isa = PBXFileReference; explicitFileType = wrapper.application; includeInIndex = 0; path = "Pipedrive Homework.app"; sourceTree = BUILT_PRODUCTS_DIR; };
		7D60442C2B87B61200117370 /* Pipedrive_HomeworkApp.swift */ = {isa = PBXFileReference; lastKnownFileType = sourcecode.swift; path = Pipedrive_HomeworkApp.swift; sourceTree = "<group>"; };
		7D60442E2B87B61200117370 /* ContentView.swift */ = {isa = PBXFileReference; lastKnownFileType = sourcecode.swift; path = ContentView.swift; sourceTree = "<group>"; };
		7D6044302B87B61300117370 /* Assets.xcassets */ = {isa = PBXFileReference; lastKnownFileType = folder.assetcatalog; path = Assets.xcassets; sourceTree = "<group>"; };
		7D6044332B87B61300117370 /* Preview Assets.xcassets */ = {isa = PBXFileReference; lastKnownFileType = folder.assetcatalog; path = "Preview Assets.xcassets"; sourceTree = "<group>"; };
		7D60443E2B87B61300117370 /* Pipedrive HomeworkTests.xctest */ = {isa = PBXFileReference; explicitFileType = wrapper.cfbundle; includeInIndex = 0; path = "Pipedrive HomeworkTests.xctest"; sourceTree = BUILT_PRODUCTS_DIR; };
		7D6044422B87B61300117370 /* Pipedrive_HomeworkTests.swift */ = {isa = PBXFileReference; lastKnownFileType = sourcecode.swift; path = Pipedrive_HomeworkTests.swift; sourceTree = "<group>"; };
		7D6044482B87B61300117370 /* Pipedrive HomeworkUITests.xctest */ = {isa = PBXFileReference; explicitFileType = wrapper.cfbundle; includeInIndex = 0; path = "Pipedrive HomeworkUITests.xctest"; sourceTree = BUILT_PRODUCTS_DIR; };
		7D60444C2B87B61300117370 /* Pipedrive_HomeworkUITests.swift */ = {isa = PBXFileReference; lastKnownFileType = sourcecode.swift; path = Pipedrive_HomeworkUITests.swift; sourceTree = "<group>"; };
		7D60444E2B87B61300117370 /* Pipedrive_HomeworkUITestsLaunchTests.swift */ = {isa = PBXFileReference; lastKnownFileType = sourcecode.swift; path = Pipedrive_HomeworkUITestsLaunchTests.swift; sourceTree = "<group>"; };
		7D60445C2B87B6F500117370 /* Person.swift */ = {isa = PBXFileReference; lastKnownFileType = sourcecode.swift; path = Person.swift; sourceTree = "<group>"; };
		7D6044632B87B94300117370 /* PersonViewModel.swift */ = {isa = PBXFileReference; lastKnownFileType = sourcecode.swift; path = PersonViewModel.swift; sourceTree = "<group>"; };
		7D6044652B87B9F700117370 /* APIClient.swift */ = {isa = PBXFileReference; lastKnownFileType = sourcecode.swift; path = APIClient.swift; sourceTree = "<group>"; };
		7D6044672B87BA2100117370 /* APIRouter.swift */ = {isa = PBXFileReference; lastKnownFileType = sourcecode.swift; path = APIRouter.swift; sourceTree = "<group>"; };
		7D60446C2B87BBE300117370 /* APIConfig.swift */ = {isa = PBXFileReference; lastKnownFileType = sourcecode.swift; path = APIConfig.swift; sourceTree = "<group>"; };
		7D60446F2B87BED600117370 /* PersonService.swift */ = {isa = PBXFileReference; lastKnownFileType = sourcecode.swift; path = PersonService.swift; sourceTree = "<group>"; };
		7D60447B2B87E5F500117370 /* ResponseModel.swift */ = {isa = PBXFileReference; lastKnownFileType = sourcecode.swift; path = ResponseModel.swift; sourceTree = "<group>"; };
		7D6044892B88A69400117370 /* JSONDecoder.swift */ = {isa = PBXFileReference; lastKnownFileType = sourcecode.swift; path = JSONDecoder.swift; sourceTree = "<group>"; };
		7D6044952B88B11A00117370 /* CoreDataModel.xcdatamodel */ = {isa = PBXFileReference; lastKnownFileType = wrapper.xcdatamodel; path = CoreDataModel.xcdatamodel; sourceTree = "<group>"; };
		7D6044A42B88D77600117370 /* CoreDataManager.swift */ = {isa = PBXFileReference; lastKnownFileType = sourcecode.swift; path = CoreDataManager.swift; sourceTree = "<group>"; };
		7D6044A62B88DFEC00117370 /* Connectivity.swift */ = {isa = PBXFileReference; lastKnownFileType = sourcecode.swift; path = Connectivity.swift; sourceTree = "<group>"; };
		7D6044A82B88F10B00117370 /* PersonView.swift */ = {isa = PBXFileReference; lastKnownFileType = sourcecode.swift; path = PersonView.swift; sourceTree = "<group>"; };
		7D6044AA2B88F18A00117370 /* PersonDetailView.swift */ = {isa = PBXFileReference; lastKnownFileType = sourcecode.swift; path = PersonDetailView.swift; sourceTree = "<group>"; };
		7D6044B02B8B732C00117370 /* PersonDetailField.swift */ = {isa = PBXFileReference; lastKnownFileType = sourcecode.swift; path = PersonDetailField.swift; sourceTree = "<group>"; };
		7D6044B22B8B79A500117370 /* PersonContact.swift */ = {isa = PBXFileReference; lastKnownFileType = sourcecode.swift; path = PersonContact.swift; sourceTree = "<group>"; };
		7D6044B42B8B7E2500117370 /* PersonListView.swift */ = {isa = PBXFileReference; fileEncoding = 4; lastKnownFileType = sourcecode.swift; path = PersonListView.swift; sourceTree = "<group>"; };
		7DF195F12B8B8B7100444A50 /* PersonContactMO+CoreDataClass.swift */ = {isa = PBXFileReference; lastKnownFileType = sourcecode.swift; path = "PersonContactMO+CoreDataClass.swift"; sourceTree = "<group>"; };
		7DF195F22B8B8B7100444A50 /* PersonContactMO+CoreDataProperties.swift */ = {isa = PBXFileReference; lastKnownFileType = sourcecode.swift; path = "PersonContactMO+CoreDataProperties.swift"; sourceTree = "<group>"; };
		7DF195F32B8B8B7100444A50 /* PersonMO+CoreDataClass.swift */ = {isa = PBXFileReference; lastKnownFileType = sourcecode.swift; path = "PersonMO+CoreDataClass.swift"; sourceTree = "<group>"; };
		7DF195F42B8B8B7100444A50 /* PersonMO+CoreDataProperties.swift */ = {isa = PBXFileReference; lastKnownFileType = sourcecode.swift; path = "PersonMO+CoreDataProperties.swift"; sourceTree = "<group>"; };
		7DF195F92B8B9DAC00444A50 /* NSSet.swift */ = {isa = PBXFileReference; lastKnownFileType = sourcecode.swift; path = NSSet.swift; sourceTree = "<group>"; };
		7DF195FB2B8BA91300444A50 /* MockPersonService.swift */ = {isa = PBXFileReference; lastKnownFileType = sourcecode.swift; path = MockPersonService.swift; sourceTree = "<group>"; };
		7DFF48AC2B8C899C000DCC9F /* Localizable.xcstrings */ = {isa = PBXFileReference; lastKnownFileType = text.json.xcstrings; path = Localizable.xcstrings; sourceTree = "<group>"; };
		7DFF48AE2B8C8C22000DCC9F /* AdditionalData.swift */ = {isa = PBXFileReference; lastKnownFileType = sourcecode.swift; path = AdditionalData.swift; sourceTree = "<group>"; };
		7DFF48B02B8C8C3D000DCC9F /* Pagination.swift */ = {isa = PBXFileReference; lastKnownFileType = sourcecode.swift; path = Pagination.swift; sourceTree = "<group>"; };
/* End PBXFileReference section */

/* Begin PBXFrameworksBuildPhase section */
		7D6044262B87B61200117370 /* Frameworks */ = {
			isa = PBXFrameworksBuildPhase;
			buildActionMask = 2147483647;
			files = (
				7D6044AE2B8B626B00117370 /* Kingfisher in Frameworks */,
				7D60446B2B87BA9900117370 /* Alamofire in Frameworks */,
			);
			runOnlyForDeploymentPostprocessing = 0;
		};
		7D60443B2B87B61300117370 /* Frameworks */ = {
			isa = PBXFrameworksBuildPhase;
			buildActionMask = 2147483647;
			files = (
			);
			runOnlyForDeploymentPostprocessing = 0;
		};
		7D6044452B87B61300117370 /* Frameworks */ = {
			isa = PBXFrameworksBuildPhase;
			buildActionMask = 2147483647;
			files = (
			);
			runOnlyForDeploymentPostprocessing = 0;
		};
/* End PBXFrameworksBuildPhase section */

/* Begin PBXGroup section */
		7D6044202B87B61200117370 = {
			isa = PBXGroup;
			children = (
				7D60442B2B87B61200117370 /* Pipedrive Homework */,
				7D6044412B87B61300117370 /* Pipedrive HomeworkTests */,
				7D60444B2B87B61300117370 /* Pipedrive HomeworkUITests */,
				7D60442A2B87B61200117370 /* Products */,
			);
			sourceTree = "<group>";
		};
		7D60442A2B87B61200117370 /* Products */ = {
			isa = PBXGroup;
			children = (
				7D6044292B87B61200117370 /* Pipedrive Homework.app */,
				7D60443E2B87B61300117370 /* Pipedrive HomeworkTests.xctest */,
				7D6044482B87B61300117370 /* Pipedrive HomeworkUITests.xctest */,
			);
			name = Products;
			sourceTree = "<group>";
		};
		7D60442B2B87B61200117370 /* Pipedrive Homework */ = {
			isa = PBXGroup;
			children = (
				7DFF48AB2B8C896D000DCC9F /* Resources */,
				7D6044902B88AE9300117370 /* Persistance */,
				7D6044882B88A66000117370 /* Extensions */,
				7D60446E2B87BEBE00117370 /* Service */,
				7D6044622B87B91800117370 /* ViewModel */,
				7D6044612B87B91200117370 /* View */,
				7D6044602B87B8A100117370 /* Network */,
				7D60445B2B87B6EB00117370 /* Model */,
				7D60442C2B87B61200117370 /* Pipedrive_HomeworkApp.swift */,
				7D6044322B87B61300117370 /* Preview Content */,
			);
			path = "Pipedrive Homework";
			sourceTree = "<group>";
		};
		7D6044322B87B61300117370 /* Preview Content */ = {
			isa = PBXGroup;
			children = (
				7D6044332B87B61300117370 /* Preview Assets.xcassets */,
			);
			path = "Preview Content";
			sourceTree = "<group>";
		};
		7D6044412B87B61300117370 /* Pipedrive HomeworkTests */ = {
			isa = PBXGroup;
			children = (
				7D6044422B87B61300117370 /* Pipedrive_HomeworkTests.swift */,
				7DF195FB2B8BA91300444A50 /* MockPersonService.swift */,
			);
			path = "Pipedrive HomeworkTests";
			sourceTree = "<group>";
		};
		7D60444B2B87B61300117370 /* Pipedrive HomeworkUITests */ = {
			isa = PBXGroup;
			children = (
				7D60444C2B87B61300117370 /* Pipedrive_HomeworkUITests.swift */,
				7D60444E2B87B61300117370 /* Pipedrive_HomeworkUITestsLaunchTests.swift */,
			);
			path = "Pipedrive HomeworkUITests";
			sourceTree = "<group>";
		};
		7D60445B2B87B6EB00117370 /* Model */ = {
			isa = PBXGroup;
			children = (
				7DF195E82B8B8AAC00444A50 /* Core Data */,
				7D60445C2B87B6F500117370 /* Person.swift */,
				7D60447B2B87E5F500117370 /* ResponseModel.swift */,
				7D6044B02B8B732C00117370 /* PersonDetailField.swift */,
				7D6044B22B8B79A500117370 /* PersonContact.swift */,
				7DFF48AE2B8C8C22000DCC9F /* AdditionalData.swift */,
				7DFF48B02B8C8C3D000DCC9F /* Pagination.swift */,
			);
			path = Model;
			sourceTree = "<group>";
		};
		7D6044602B87B8A100117370 /* Network */ = {
			isa = PBXGroup;
			children = (
				7D6044652B87B9F700117370 /* APIClient.swift */,
				7D6044672B87BA2100117370 /* APIRouter.swift */,
				7D60446C2B87BBE300117370 /* APIConfig.swift */,
				7D6044A62B88DFEC00117370 /* Connectivity.swift */,
			);
			path = Network;
			sourceTree = "<group>";
		};
		7D6044612B87B91200117370 /* View */ = {
			isa = PBXGroup;
			children = (
				7D6044B42B8B7E2500117370 /* PersonListView.swift */,
				7D60442E2B87B61200117370 /* ContentView.swift */,
				7D6044A82B88F10B00117370 /* PersonView.swift */,
				7D6044AA2B88F18A00117370 /* PersonDetailView.swift */,
			);
			path = View;
			sourceTree = "<group>";
		};
		7D6044622B87B91800117370 /* ViewModel */ = {
			isa = PBXGroup;
			children = (
				7D6044632B87B94300117370 /* PersonViewModel.swift */,
			);
			path = ViewModel;
			sourceTree = "<group>";
		};
		7D60446E2B87BEBE00117370 /* Service */ = {
			isa = PBXGroup;
			children = (
				7D60446F2B87BED600117370 /* PersonService.swift */,
			);
			path = Service;
			sourceTree = "<group>";
		};
		7D6044882B88A66000117370 /* Extensions */ = {
			isa = PBXGroup;
			children = (
				7D6044892B88A69400117370 /* JSONDecoder.swift */,
				7DF195F92B8B9DAC00444A50 /* NSSet.swift */,
			);
			path = Extensions;
			sourceTree = "<group>";
		};
		7D6044902B88AE9300117370 /* Persistance */ = {
			isa = PBXGroup;
			children = (
				7D6044942B88B11A00117370 /* CoreDataModel.xcdatamodeld */,
				7D6044A42B88D77600117370 /* CoreDataManager.swift */,
			);
			path = Persistance;
			sourceTree = "<group>";
		};
		7DF195E82B8B8AAC00444A50 /* Core Data */ = {
			isa = PBXGroup;
			children = (
				7DF195F12B8B8B7100444A50 /* PersonContactMO+CoreDataClass.swift */,
				7DF195F22B8B8B7100444A50 /* PersonContactMO+CoreDataProperties.swift */,
				7DF195F32B8B8B7100444A50 /* PersonMO+CoreDataClass.swift */,
				7DF195F42B8B8B7100444A50 /* PersonMO+CoreDataProperties.swift */,
			);
			path = "Core Data";
			sourceTree = "<group>";
		};
		7DFF48AB2B8C896D000DCC9F /* Resources */ = {
			isa = PBXGroup;
			children = (
				7D6044302B87B61300117370 /* Assets.xcassets */,
				7DFF48AC2B8C899C000DCC9F /* Localizable.xcstrings */,
			);
			path = Resources;
			sourceTree = "<group>";
		};
/* End PBXGroup section */

/* Begin PBXNativeTarget section */
		7D6044282B87B61200117370 /* Pipedrive Homework */ = {
			isa = PBXNativeTarget;
			buildConfigurationList = 7D6044522B87B61300117370 /* Build configuration list for PBXNativeTarget "Pipedrive Homework" */;
			buildPhases = (
				7D6044252B87B61200117370 /* Sources */,
				7D6044262B87B61200117370 /* Frameworks */,
				7D6044272B87B61200117370 /* Resources */,
			);
			buildRules = (
			);
			dependencies = (
			);
			name = "Pipedrive Homework";
			packageProductDependencies = (
				7D60446A2B87BA9900117370 /* Alamofire */,
				7D6044AD2B8B626B00117370 /* Kingfisher */,
			);
			productName = "Pipedrive Homework";
			productReference = 7D6044292B87B61200117370 /* Pipedrive Homework.app */;
			productType = "com.apple.product-type.application";
		};
		7D60443D2B87B61300117370 /* Pipedrive HomeworkTests */ = {
			isa = PBXNativeTarget;
			buildConfigurationList = 7D6044552B87B61300117370 /* Build configuration list for PBXNativeTarget "Pipedrive HomeworkTests" */;
			buildPhases = (
				7D60443A2B87B61300117370 /* Sources */,
				7D60443B2B87B61300117370 /* Frameworks */,
				7D60443C2B87B61300117370 /* Resources */,
			);
			buildRules = (
			);
			dependencies = (
				7D6044402B87B61300117370 /* PBXTargetDependency */,
			);
			name = "Pipedrive HomeworkTests";
			productName = "Pipedrive HomeworkTests";
			productReference = 7D60443E2B87B61300117370 /* Pipedrive HomeworkTests.xctest */;
			productType = "com.apple.product-type.bundle.unit-test";
		};
		7D6044472B87B61300117370 /* Pipedrive HomeworkUITests */ = {
			isa = PBXNativeTarget;
			buildConfigurationList = 7D6044582B87B61300117370 /* Build configuration list for PBXNativeTarget "Pipedrive HomeworkUITests" */;
			buildPhases = (
				7D6044442B87B61300117370 /* Sources */,
				7D6044452B87B61300117370 /* Frameworks */,
				7D6044462B87B61300117370 /* Resources */,
			);
			buildRules = (
			);
			dependencies = (
				7D60444A2B87B61300117370 /* PBXTargetDependency */,
			);
			name = "Pipedrive HomeworkUITests";
			productName = "Pipedrive HomeworkUITests";
			productReference = 7D6044482B87B61300117370 /* Pipedrive HomeworkUITests.xctest */;
			productType = "com.apple.product-type.bundle.ui-testing";
		};
/* End PBXNativeTarget section */

/* Begin PBXProject section */
		7D6044212B87B61200117370 /* Project object */ = {
			isa = PBXProject;
			attributes = {
				BuildIndependentTargetsInParallel = 1;
				LastSwiftUpdateCheck = 1520;
				LastUpgradeCheck = 1520;
				TargetAttributes = {
					7D6044282B87B61200117370 = {
						CreatedOnToolsVersion = 15.2;
					};
					7D60443D2B87B61300117370 = {
						CreatedOnToolsVersion = 15.2;
						TestTargetID = 7D6044282B87B61200117370;
					};
					7D6044472B87B61300117370 = {
						CreatedOnToolsVersion = 15.2;
						TestTargetID = 7D6044282B87B61200117370;
					};
				};
			};
			buildConfigurationList = 7D6044242B87B61200117370 /* Build configuration list for PBXProject "Pipedrive Homework" */;
			compatibilityVersion = "Xcode 14.0";
			developmentRegion = en;
			hasScannedForEncodings = 0;
			knownRegions = (
				en,
				Base,
				et,
			);
			mainGroup = 7D6044202B87B61200117370;
			packageReferences = (
				7D6044692B87BA9900117370 /* XCRemoteSwiftPackageReference "Alamofire" */,
				7D6044AC2B8B626B00117370 /* XCRemoteSwiftPackageReference "Kingfisher" */,
			);
			productRefGroup = 7D60442A2B87B61200117370 /* Products */;
			projectDirPath = "";
			projectRoot = "";
			targets = (
				7D6044282B87B61200117370 /* Pipedrive Homework */,
				7D60443D2B87B61300117370 /* Pipedrive HomeworkTests */,
				7D6044472B87B61300117370 /* Pipedrive HomeworkUITests */,
			);
		};
/* End PBXProject section */

/* Begin PBXResourcesBuildPhase section */
		7D6044272B87B61200117370 /* Resources */ = {
			isa = PBXResourcesBuildPhase;
			buildActionMask = 2147483647;
			files = (
				7D6044342B87B61300117370 /* Preview Assets.xcassets in Resources */,
				7D6044312B87B61300117370 /* Assets.xcassets in Resources */,
				7DFF48AD2B8C899D000DCC9F /* Localizable.xcstrings in Resources */,
			);
			runOnlyForDeploymentPostprocessing = 0;
		};
		7D60443C2B87B61300117370 /* Resources */ = {
			isa = PBXResourcesBuildPhase;
			buildActionMask = 2147483647;
			files = (
			);
			runOnlyForDeploymentPostprocessing = 0;
		};
		7D6044462B87B61300117370 /* Resources */ = {
			isa = PBXResourcesBuildPhase;
			buildActionMask = 2147483647;
			files = (
			);
			runOnlyForDeploymentPostprocessing = 0;
		};
/* End PBXResourcesBuildPhase section */

/* Begin PBXSourcesBuildPhase section */
		7D6044252B87B61200117370 /* Sources */ = {
			isa = PBXSourcesBuildPhase;
			buildActionMask = 2147483647;
			files = (
				7D60445D2B87B6F500117370 /* Person.swift in Sources */,
				7D60448A2B88A69400117370 /* JSONDecoder.swift in Sources */,
				7DFF48AF2B8C8C22000DCC9F /* AdditionalData.swift in Sources */,
				7D6044A72B88DFEC00117370 /* Connectivity.swift in Sources */,
				7D60447C2B87E5F500117370 /* ResponseModel.swift in Sources */,
				7D6044AB2B88F18A00117370 /* PersonDetailView.swift in Sources */,
				7DF195F62B8B8B7100444A50 /* PersonContactMO+CoreDataProperties.swift in Sources */,
				7D6044B32B8B79A500117370 /* PersonContact.swift in Sources */,
				7D6044662B87B9F700117370 /* APIClient.swift in Sources */,
				7D6044B52B8B7E2500117370 /* PersonListView.swift in Sources */,
				7D6044642B87B94300117370 /* PersonViewModel.swift in Sources */,
				7DF195F72B8B8B7100444A50 /* PersonMO+CoreDataClass.swift in Sources */,
				7DFF48B12B8C8C3D000DCC9F /* Pagination.swift in Sources */,
				7D6044962B88B11A00117370 /* CoreDataModel.xcdatamodeld in Sources */,
				7DF195F82B8B8B7100444A50 /* PersonMO+CoreDataProperties.swift in Sources */,
				7DF195F52B8B8B7100444A50 /* PersonContactMO+CoreDataClass.swift in Sources */,
				7D6044702B87BED600117370 /* PersonService.swift in Sources */,
				7DF195FA2B8B9DAC00444A50 /* NSSet.swift in Sources */,
				7D6044A52B88D77600117370 /* CoreDataManager.swift in Sources */,
				7D60442F2B87B61200117370 /* ContentView.swift in Sources */,
				7D60446D2B87BBE300117370 /* APIConfig.swift in Sources */,
				7D6044B12B8B732C00117370 /* PersonDetailField.swift in Sources */,
				7D6044A92B88F10B00117370 /* PersonView.swift in Sources */,
				7D6044682B87BA2100117370 /* APIRouter.swift in Sources */,
				7D60442D2B87B61200117370 /* Pipedrive_HomeworkApp.swift in Sources */,
			);
			runOnlyForDeploymentPostprocessing = 0;
		};
		7D60443A2B87B61300117370 /* Sources */ = {
			isa = PBXSourcesBuildPhase;
			buildActionMask = 2147483647;
			files = (
				7DF195FC2B8BA91300444A50 /* MockPersonService.swift in Sources */,
				7D6044432B87B61300117370 /* Pipedrive_HomeworkTests.swift in Sources */,
			);
			runOnlyForDeploymentPostprocessing = 0;
		};
		7D6044442B87B61300117370 /* Sources */ = {
			isa = PBXSourcesBuildPhase;
			buildActionMask = 2147483647;
			files = (
				7D60444D2B87B61300117370 /* Pipedrive_HomeworkUITests.swift in Sources */,
				7D60444F2B87B61300117370 /* Pipedrive_HomeworkUITestsLaunchTests.swift in Sources */,
			);
			runOnlyForDeploymentPostprocessing = 0;
		};
/* End PBXSourcesBuildPhase section */

/* Begin PBXTargetDependency section */
		7D6044402B87B61300117370 /* PBXTargetDependency */ = {
			isa = PBXTargetDependency;
			target = 7D6044282B87B61200117370 /* Pipedrive Homework */;
			targetProxy = 7D60443F2B87B61300117370 /* PBXContainerItemProxy */;
		};
		7D60444A2B87B61300117370 /* PBXTargetDependency */ = {
			isa = PBXTargetDependency;
			target = 7D6044282B87B61200117370 /* Pipedrive Homework */;
			targetProxy = 7D6044492B87B61300117370 /* PBXContainerItemProxy */;
		};
/* End PBXTargetDependency section */

/* Begin XCBuildConfiguration section */
		7D6044502B87B61300117370 /* Debug */ = {
			isa = XCBuildConfiguration;
			buildSettings = {
				ALWAYS_SEARCH_USER_PATHS = NO;
				ASSETCATALOG_COMPILER_GENERATE_SWIFT_ASSET_SYMBOL_EXTENSIONS = YES;
				CLANG_ANALYZER_NONNULL = YES;
				CLANG_ANALYZER_NUMBER_OBJECT_CONVERSION = YES_AGGRESSIVE;
				CLANG_CXX_LANGUAGE_STANDARD = "gnu++20";
				CLANG_ENABLE_MODULES = YES;
				CLANG_ENABLE_OBJC_ARC = YES;
				CLANG_ENABLE_OBJC_WEAK = YES;
				CLANG_WARN_BLOCK_CAPTURE_AUTORELEASING = YES;
				CLANG_WARN_BOOL_CONVERSION = YES;
				CLANG_WARN_COMMA = YES;
				CLANG_WARN_CONSTANT_CONVERSION = YES;
				CLANG_WARN_DEPRECATED_OBJC_IMPLEMENTATIONS = YES;
				CLANG_WARN_DIRECT_OBJC_ISA_USAGE = YES_ERROR;
				CLANG_WARN_DOCUMENTATION_COMMENTS = YES;
				CLANG_WARN_EMPTY_BODY = YES;
				CLANG_WARN_ENUM_CONVERSION = YES;
				CLANG_WARN_INFINITE_RECURSION = YES;
				CLANG_WARN_INT_CONVERSION = YES;
				CLANG_WARN_NON_LITERAL_NULL_CONVERSION = YES;
				CLANG_WARN_OBJC_IMPLICIT_RETAIN_SELF = YES;
				CLANG_WARN_OBJC_LITERAL_CONVERSION = YES;
				CLANG_WARN_OBJC_ROOT_CLASS = YES_ERROR;
				CLANG_WARN_QUOTED_INCLUDE_IN_FRAMEWORK_HEADER = YES;
				CLANG_WARN_RANGE_LOOP_ANALYSIS = YES;
				CLANG_WARN_STRICT_PROTOTYPES = YES;
				CLANG_WARN_SUSPICIOUS_MOVE = YES;
				CLANG_WARN_UNGUARDED_AVAILABILITY = YES_AGGRESSIVE;
				CLANG_WARN_UNREACHABLE_CODE = YES;
				CLANG_WARN__DUPLICATE_METHOD_MATCH = YES;
				COPY_PHASE_STRIP = NO;
				DEBUG_INFORMATION_FORMAT = dwarf;
				ENABLE_STRICT_OBJC_MSGSEND = YES;
				ENABLE_TESTABILITY = YES;
				ENABLE_USER_SCRIPT_SANDBOXING = YES;
				GCC_C_LANGUAGE_STANDARD = gnu17;
				GCC_DYNAMIC_NO_PIC = NO;
				GCC_NO_COMMON_BLOCKS = YES;
				GCC_OPTIMIZATION_LEVEL = 0;
				GCC_PREPROCESSOR_DEFINITIONS = (
					"DEBUG=1",
					"$(inherited)",
				);
				GCC_WARN_64_TO_32_BIT_CONVERSION = YES;
				GCC_WARN_ABOUT_RETURN_TYPE = YES_ERROR;
				GCC_WARN_UNDECLARED_SELECTOR = YES;
				GCC_WARN_UNINITIALIZED_AUTOS = YES_AGGRESSIVE;
				GCC_WARN_UNUSED_FUNCTION = YES;
				GCC_WARN_UNUSED_VARIABLE = YES;
				IPHONEOS_DEPLOYMENT_TARGET = 17.2;
				LOCALIZATION_PREFERS_STRING_CATALOGS = YES;
				MTL_ENABLE_DEBUG_INFO = INCLUDE_SOURCE;
				MTL_FAST_MATH = YES;
				ONLY_ACTIVE_ARCH = YES;
				SDKROOT = iphoneos;
				SWIFT_ACTIVE_COMPILATION_CONDITIONS = "DEBUG $(inherited)";
				SWIFT_OPTIMIZATION_LEVEL = "-Onone";
			};
			name = Debug;
		};
		7D6044512B87B61300117370 /* Release */ = {
			isa = XCBuildConfiguration;
			buildSettings = {
				ALWAYS_SEARCH_USER_PATHS = NO;
				ASSETCATALOG_COMPILER_GENERATE_SWIFT_ASSET_SYMBOL_EXTENSIONS = YES;
				CLANG_ANALYZER_NONNULL = YES;
				CLANG_ANALYZER_NUMBER_OBJECT_CONVERSION = YES_AGGRESSIVE;
				CLANG_CXX_LANGUAGE_STANDARD = "gnu++20";
				CLANG_ENABLE_MODULES = YES;
				CLANG_ENABLE_OBJC_ARC = YES;
				CLANG_ENABLE_OBJC_WEAK = YES;
				CLANG_WARN_BLOCK_CAPTURE_AUTORELEASING = YES;
				CLANG_WARN_BOOL_CONVERSION = YES;
				CLANG_WARN_COMMA = YES;
				CLANG_WARN_CONSTANT_CONVERSION = YES;
				CLANG_WARN_DEPRECATED_OBJC_IMPLEMENTATIONS = YES;
				CLANG_WARN_DIRECT_OBJC_ISA_USAGE = YES_ERROR;
				CLANG_WARN_DOCUMENTATION_COMMENTS = YES;
				CLANG_WARN_EMPTY_BODY = YES;
				CLANG_WARN_ENUM_CONVERSION = YES;
				CLANG_WARN_INFINITE_RECURSION = YES;
				CLANG_WARN_INT_CONVERSION = YES;
				CLANG_WARN_NON_LITERAL_NULL_CONVERSION = YES;
				CLANG_WARN_OBJC_IMPLICIT_RETAIN_SELF = YES;
				CLANG_WARN_OBJC_LITERAL_CONVERSION = YES;
				CLANG_WARN_OBJC_ROOT_CLASS = YES_ERROR;
				CLANG_WARN_QUOTED_INCLUDE_IN_FRAMEWORK_HEADER = YES;
				CLANG_WARN_RANGE_LOOP_ANALYSIS = YES;
				CLANG_WARN_STRICT_PROTOTYPES = YES;
				CLANG_WARN_SUSPICIOUS_MOVE = YES;
				CLANG_WARN_UNGUARDED_AVAILABILITY = YES_AGGRESSIVE;
				CLANG_WARN_UNREACHABLE_CODE = YES;
				CLANG_WARN__DUPLICATE_METHOD_MATCH = YES;
				COPY_PHASE_STRIP = NO;
				DEBUG_INFORMATION_FORMAT = "dwarf-with-dsym";
				ENABLE_NS_ASSERTIONS = NO;
				ENABLE_STRICT_OBJC_MSGSEND = YES;
				ENABLE_USER_SCRIPT_SANDBOXING = YES;
				GCC_C_LANGUAGE_STANDARD = gnu17;
				GCC_NO_COMMON_BLOCKS = YES;
				GCC_WARN_64_TO_32_BIT_CONVERSION = YES;
				GCC_WARN_ABOUT_RETURN_TYPE = YES_ERROR;
				GCC_WARN_UNDECLARED_SELECTOR = YES;
				GCC_WARN_UNINITIALIZED_AUTOS = YES_AGGRESSIVE;
				GCC_WARN_UNUSED_FUNCTION = YES;
				GCC_WARN_UNUSED_VARIABLE = YES;
				IPHONEOS_DEPLOYMENT_TARGET = 17.2;
				LOCALIZATION_PREFERS_STRING_CATALOGS = YES;
				MTL_ENABLE_DEBUG_INFO = NO;
				MTL_FAST_MATH = YES;
				SDKROOT = iphoneos;
				SWIFT_COMPILATION_MODE = wholemodule;
				VALIDATE_PRODUCT = YES;
			};
			name = Release;
		};
		7D6044532B87B61300117370 /* Debug */ = {
			isa = XCBuildConfiguration;
			buildSettings = {
				ASSETCATALOG_COMPILER_APPICON_NAME = AppIcon;
				ASSETCATALOG_COMPILER_GLOBAL_ACCENT_COLOR_NAME = AccentColor;
				CODE_SIGN_STYLE = Automatic;
				CURRENT_PROJECT_VERSION = 1;
				DEVELOPMENT_ASSET_PATHS = "\"Pipedrive Homework/Preview Content\"";
				DEVELOPMENT_TEAM = HK5BDJ89J9;
				ENABLE_PREVIEWS = YES;
				GENERATE_INFOPLIST_FILE = YES;
				INFOPLIST_KEY_UIApplicationSceneManifest_Generation = YES;
				INFOPLIST_KEY_UIApplicationSupportsIndirectInputEvents = YES;
				INFOPLIST_KEY_UILaunchScreen_Generation = YES;
				INFOPLIST_KEY_UISupportedInterfaceOrientations_iPad = "UIInterfaceOrientationPortrait UIInterfaceOrientationPortraitUpsideDown UIInterfaceOrientationLandscapeLeft UIInterfaceOrientationLandscapeRight";
				INFOPLIST_KEY_UISupportedInterfaceOrientations_iPhone = "UIInterfaceOrientationPortrait UIInterfaceOrientationLandscapeLeft UIInterfaceOrientationLandscapeRight";
				LD_RUNPATH_SEARCH_PATHS = (
					"$(inherited)",
					"@executable_path/Frameworks",
				);
				MARKETING_VERSION = 1.0;
				PRODUCT_BUNDLE_IDENTIFIER = "kevin.mihkelson.Pipedrive-Homework";
				PRODUCT_NAME = "$(TARGET_NAME)";
				SWIFT_EMIT_LOC_STRINGS = YES;
				SWIFT_VERSION = 5.0;
				TARGETED_DEVICE_FAMILY = "1,2";
			};
			name = Debug;
		};
		7D6044542B87B61300117370 /* Release */ = {
			isa = XCBuildConfiguration;
			buildSettings = {
				ASSETCATALOG_COMPILER_APPICON_NAME = AppIcon;
				ASSETCATALOG_COMPILER_GLOBAL_ACCENT_COLOR_NAME = AccentColor;
				CODE_SIGN_STYLE = Automatic;
				CURRENT_PROJECT_VERSION = 1;
				DEVELOPMENT_ASSET_PATHS = "\"Pipedrive Homework/Preview Content\"";
				DEVELOPMENT_TEAM = HK5BDJ89J9;
				ENABLE_PREVIEWS = YES;
				GENERATE_INFOPLIST_FILE = YES;
				INFOPLIST_KEY_UIApplicationSceneManifest_Generation = YES;
				INFOPLIST_KEY_UIApplicationSupportsIndirectInputEvents = YES;
				INFOPLIST_KEY_UILaunchScreen_Generation = YES;
				INFOPLIST_KEY_UISupportedInterfaceOrientations_iPad = "UIInterfaceOrientationPortrait UIInterfaceOrientationPortraitUpsideDown UIInterfaceOrientationLandscapeLeft UIInterfaceOrientationLandscapeRight";
				INFOPLIST_KEY_UISupportedInterfaceOrientations_iPhone = "UIInterfaceOrientationPortrait UIInterfaceOrientationLandscapeLeft UIInterfaceOrientationLandscapeRight";
				LD_RUNPATH_SEARCH_PATHS = (
					"$(inherited)",
					"@executable_path/Frameworks",
				);
				MARKETING_VERSION = 1.0;
				PRODUCT_BUNDLE_IDENTIFIER = "kevin.mihkelson.Pipedrive-Homework";
				PRODUCT_NAME = "$(TARGET_NAME)";
				SWIFT_EMIT_LOC_STRINGS = YES;
				SWIFT_VERSION = 5.0;
				TARGETED_DEVICE_FAMILY = "1,2";
			};
			name = Release;
		};
		7D6044562B87B61300117370 /* Debug */ = {
			isa = XCBuildConfiguration;
			buildSettings = {
				ALWAYS_EMBED_SWIFT_STANDARD_LIBRARIES = YES;
				BUNDLE_LOADER = "$(TEST_HOST)";
				CODE_SIGN_STYLE = Automatic;
				CURRENT_PROJECT_VERSION = 1;
				DEVELOPMENT_TEAM = HK5BDJ89J9;
				GENERATE_INFOPLIST_FILE = YES;
				IPHONEOS_DEPLOYMENT_TARGET = 17.2;
				MARKETING_VERSION = 1.0;
				PRODUCT_BUNDLE_IDENTIFIER = "kevin.mihkelson.Pipedrive-HomeworkTests";
				PRODUCT_NAME = "$(TARGET_NAME)";
				SWIFT_EMIT_LOC_STRINGS = NO;
				SWIFT_VERSION = 5.0;
				TARGETED_DEVICE_FAMILY = "1,2";
				TEST_HOST = "$(BUILT_PRODUCTS_DIR)/Pipedrive Homework.app/$(BUNDLE_EXECUTABLE_FOLDER_PATH)/Pipedrive Homework";
			};
			name = Debug;
		};
		7D6044572B87B61300117370 /* Release */ = {
			isa = XCBuildConfiguration;
			buildSettings = {
				ALWAYS_EMBED_SWIFT_STANDARD_LIBRARIES = YES;
				BUNDLE_LOADER = "$(TEST_HOST)";
				CODE_SIGN_STYLE = Automatic;
				CURRENT_PROJECT_VERSION = 1;
				DEVELOPMENT_TEAM = HK5BDJ89J9;
				GENERATE_INFOPLIST_FILE = YES;
				IPHONEOS_DEPLOYMENT_TARGET = 17.2;
				MARKETING_VERSION = 1.0;
				PRODUCT_BUNDLE_IDENTIFIER = "kevin.mihkelson.Pipedrive-HomeworkTests";
				PRODUCT_NAME = "$(TARGET_NAME)";
				SWIFT_EMIT_LOC_STRINGS = NO;
				SWIFT_VERSION = 5.0;
				TARGETED_DEVICE_FAMILY = "1,2";
				TEST_HOST = "$(BUILT_PRODUCTS_DIR)/Pipedrive Homework.app/$(BUNDLE_EXECUTABLE_FOLDER_PATH)/Pipedrive Homework";
			};
			name = Release;
		};
		7D6044592B87B61300117370 /* Debug */ = {
			isa = XCBuildConfiguration;
			buildSettings = {
				ALWAYS_EMBED_SWIFT_STANDARD_LIBRARIES = YES;
				CODE_SIGN_STYLE = Automatic;
				CURRENT_PROJECT_VERSION = 1;
				DEVELOPMENT_TEAM = HK5BDJ89J9;
				GENERATE_INFOPLIST_FILE = YES;
				MARKETING_VERSION = 1.0;
				PRODUCT_BUNDLE_IDENTIFIER = "kevin.mihkelson.Pipedrive-HomeworkUITests";
				PRODUCT_NAME = "$(TARGET_NAME)";
				SWIFT_EMIT_LOC_STRINGS = NO;
				SWIFT_VERSION = 5.0;
				TARGETED_DEVICE_FAMILY = "1,2";
				TEST_TARGET_NAME = "Pipedrive Homework";
			};
			name = Debug;
		};
		7D60445A2B87B61300117370 /* Release */ = {
			isa = XCBuildConfiguration;
			buildSettings = {
				ALWAYS_EMBED_SWIFT_STANDARD_LIBRARIES = YES;
				CODE_SIGN_STYLE = Automatic;
				CURRENT_PROJECT_VERSION = 1;
				DEVELOPMENT_TEAM = HK5BDJ89J9;
				GENERATE_INFOPLIST_FILE = YES;
				MARKETING_VERSION = 1.0;
				PRODUCT_BUNDLE_IDENTIFIER = "kevin.mihkelson.Pipedrive-HomeworkUITests";
				PRODUCT_NAME = "$(TARGET_NAME)";
				SWIFT_EMIT_LOC_STRINGS = NO;
				SWIFT_VERSION = 5.0;
				TARGETED_DEVICE_FAMILY = "1,2";
				TEST_TARGET_NAME = "Pipedrive Homework";
			};
			name = Release;
		};
/* End XCBuildConfiguration section */

/* Begin XCConfigurationList section */
		7D6044242B87B61200117370 /* Build configuration list for PBXProject "Pipedrive Homework" */ = {
			isa = XCConfigurationList;
			buildConfigurations = (
				7D6044502B87B61300117370 /* Debug */,
				7D6044512B87B61300117370 /* Release */,
			);
			defaultConfigurationIsVisible = 0;
			defaultConfigurationName = Release;
		};
		7D6044522B87B61300117370 /* Build configuration list for PBXNativeTarget "Pipedrive Homework" */ = {
			isa = XCConfigurationList;
			buildConfigurations = (
				7D6044532B87B61300117370 /* Debug */,
				7D6044542B87B61300117370 /* Release */,
			);
			defaultConfigurationIsVisible = 0;
			defaultConfigurationName = Release;
		};
		7D6044552B87B61300117370 /* Build configuration list for PBXNativeTarget "Pipedrive HomeworkTests" */ = {
			isa = XCConfigurationList;
			buildConfigurations = (
				7D6044562B87B61300117370 /* Debug */,
				7D6044572B87B61300117370 /* Release */,
			);
			defaultConfigurationIsVisible = 0;
			defaultConfigurationName = Release;
		};
		7D6044582B87B61300117370 /* Build configuration list for PBXNativeTarget "Pipedrive HomeworkUITests" */ = {
			isa = XCConfigurationList;
			buildConfigurations = (
				7D6044592B87B61300117370 /* Debug */,
				7D60445A2B87B61300117370 /* Release */,
			);
			defaultConfigurationIsVisible = 0;
			defaultConfigurationName = Release;
		};
/* End XCConfigurationList section */

/* Begin XCRemoteSwiftPackageReference section */
		7D6044692B87BA9900117370 /* XCRemoteSwiftPackageReference "Alamofire" */ = {
			isa = XCRemoteSwiftPackageReference;
			repositoryURL = "https://github.com/Alamofire/Alamofire.git";
			requirement = {
				kind = exactVersion;
				version = 5.7.0;
			};
		};
		7D6044AC2B8B626B00117370 /* XCRemoteSwiftPackageReference "Kingfisher" */ = {
			isa = XCRemoteSwiftPackageReference;
			repositoryURL = "https://github.com/onevcat/Kingfisher.git";
			requirement = {
				kind = upToNextMajorVersion;
				minimumVersion = 7.11.0;
			};
		};
/* End XCRemoteSwiftPackageReference section */

/* Begin XCSwiftPackageProductDependency section */
		7D60446A2B87BA9900117370 /* Alamofire */ = {
			isa = XCSwiftPackageProductDependency;
			package = 7D6044692B87BA9900117370 /* XCRemoteSwiftPackageReference "Alamofire" */;
			productName = Alamofire;
		};
		7D6044AD2B8B626B00117370 /* Kingfisher */ = {
			isa = XCSwiftPackageProductDependency;
			package = 7D6044AC2B8B626B00117370 /* XCRemoteSwiftPackageReference "Kingfisher" */;
			productName = Kingfisher;
		};
/* End XCSwiftPackageProductDependency section */

/* Begin XCVersionGroup section */
		7D6044942B88B11A00117370 /* CoreDataModel.xcdatamodeld */ = {
			isa = XCVersionGroup;
			children = (
				7D6044952B88B11A00117370 /* CoreDataModel.xcdatamodel */,
			);
			currentVersion = 7D6044952B88B11A00117370 /* CoreDataModel.xcdatamodel */;
			path = CoreDataModel.xcdatamodeld;
			sourceTree = "<group>";
			versionGroupType = wrapper.xcdatamodel;
		};
/* End XCVersionGroup section */
	};
	rootObject = 7D6044212B87B61200117370 /* Project object */;
}
